
Microsoft Visual Studio Solution File, Format Version 12.00
# Visual Studio Version 17
VisualStudioVersion = 17.7.34024.191
MinimumVisualStudioVersion = 10.0.40219.1
Project("{FAE04EC0-301F-11D3-BF4B-00C04F79EFBC}") = "AreaTrianguloForms", "AreaTrianguloForms\AreaTrianguloForms.csproj", "{65D8A989-BF3C-4C79-836D-EAEE2B9FD570}"
EndProject
Global
	GlobalSection(SolutionConfigurationPlatforms) = preSolution
		Debug|Any CPU = Debug|Any CPU
		Release|Any CPU = Release|Any CPU
	EndGlobalSection
	GlobalSection(ProjectConfigurationPlatforms) = postSolution
		{65D8A989-BF3C-4C79-836D-EAEE2B9FD570}.Debug|Any CPU.ActiveCfg = Debug|Any CPU
		{65D8A989-BF3C-4C79-836D-EAEE2B9FD570}.Debug|Any CPU.Build.0 = Debug|Any CPU
		{65D8A989-BF3C-4C79-836D-EAEE2B9FD570}.Release|Any CPU.ActiveCfg = Release|Any CPU
		{65D8A989-BF3C-4C79-836D-EAEE2B9FD570}.Release|Any CPU.Build.0 = Release|Any CPU
	EndGlobalSection
	GlobalSection(SolutionProperties) = preSolution
		HideSolutionNode = FALSE
	EndGlobalSection
	GlobalSection(ExtensibilityGlobals) = postSolution
		SolutionGuid = {38E523C8-F70F-4B5B-BF71-2E3A12E7ECE6}
	EndGlobalSection
EndGlobal
